
Microsoft Visual Studio Solution File, Format Version 12.00
# Visual Studio Version 16
VisualStudioVersion = 16.0.31313.79
MinimumVisualStudioVersion = 10.0.40219.1
Project("{FAE04EC0-301F-11D3-BF4B-00C04F79EFBC}") = "RecordVisitors", "RecordVisitors\RecordVisitors.csproj", "{B6F0DCB6-2632-4D25-A83E-BEB4DEE5C526}"
EndProject
Global
	GlobalSection(SolutionConfigurationPlatforms) = preSolution
		Debug|Any CPU = Debug|Any CPU
		Release|Any CPU = Release|Any CPU
	EndGlobalSection
	GlobalSection(ProjectConfigurationPlatforms) = postSolution
		{B6F0DCB6-2632-4D25-A83E-BEB4DEE5C526}.Debug|Any CPU.ActiveCfg = Debug|Any CPU
		{B6F0DCB6-2632-4D25-A83E-BEB4DEE5C526}.Debug|Any CPU.Build.0 = Debug|Any CPU
		{B6F0DCB6-2632-4D25-A83E-BEB4DEE5C526}.Release|Any CPU.ActiveCfg = Release|Any CPU
		{B6F0DCB6-2632-4D25-A83E-BEB4DEE5C526}.Release|Any CPU.Build.0 = Release|Any CPU
	EndGlobalSection
	GlobalSection(SolutionProperties) = preSolution
		HideSolutionNode = FALSE
	EndGlobalSection
	GlobalSection(ExtensibilityGlobals) = postSolution
		SolutionGuid = {1798A048-9B27-4DED-8573-1EA04538D4B9}
	EndGlobalSection
EndGlobal
